# THIS IS AN AUTOGENERATED FILE. DO NOT EDIT THIS FILE DIRECTLY.
# yarn lockfile v1


abcjs@^4.0.1:
  version "4.0.1"
  resolved "https://registry.yarnpkg.com/abcjs/-/abcjs-4.0.1.tgz#c858126a2297edb9e82af4011c8fd63157b93b5b"
  dependencies:
    midi "https://github.com/paulrosen/MIDI.js.git#abcjs"
    raphael "^2.2.7"

eve-raphael@0.5.0:
  version "0.5.0"
  resolved "https://registry.yarnpkg.com/eve-raphael/-/eve-raphael-0.5.0.tgz#17c754b792beef3fa6684d79cf5a47c63c4cda30"

font-awesome@^4.7.0:
  version "4.7.0"
  resolved "https://registry.yarnpkg.com/font-awesome/-/font-awesome-4.7.0.tgz#8fa8cf0411a1a31afd07b06d2902bb9fc815a133"

"midi@git+https://github.com/paulrosen/MIDI.js.git#abcjs":
  version "0.4.2"
  resolved "git+https://github.com/paulrosen/MIDI.js.git#0763605ed954027201e66c179015ae4ea4f7d1d8"

raphael@^2.2.7:
  version "2.2.7"
  resolved "https://registry.yarnpkg.com/raphael/-/raphael-2.2.7.tgz#231b19141f8d086986d8faceb66f8b562ee2c810"
  dependencies:
    eve-raphael "0.5.0"
